dependencies:
  espressif/esp_lvgl_port:
    component_hash: 88bbda87376ae20fabfbb5d794ed78d23b3b4a186ecfafecf2edbf06223fd6c9
    dependencies:
    - name: idf
      require: private
      version: '>=5.1'
    - name: lvgl/lvgl
      registry_url: https://components.espressif.com
      require: public
      version: '>=8,<10'
    source:
      registry_url: https://components.espressif.com/
      type: service
    version: 2.7.1
  idf:
    source:
      type: idf
    version: 6.1.0
  lvgl/lvgl:
    component_hash: 17e68bfd21f0edf4c3ee838e2273da840bf3930e5dbc3bfa6c1190c3aed41f9f
    dependencies: []
    source:
      registry_url: https://components.espressif.com
      type: service
    version: 9.4.0
direct_dependencies:
- espressif/esp_lvgl_port
- idf
manifest_hash: 008bd12fa7a5fc2be1746fbd15f6fb70fdd2fa09773ef4f1645bd6d687120e00
target: esp32c6
version: 2.0.0
